// !$*UTF8*$!
{
	archiveVersion = 1;
	classes = {
	};
	objectVersion = 46;
	objects = {

/* Begin PBXBuildFile section */
		E29EE55A1BF49ADC008E2304 /* main.m in Sources */ = {isa = PBXBuildFile; fileRef = E29EE5591BF49ADC008E2304 /* main.m */; };
		E29EE55D1BF49ADC008E2304 /* AppDelegate.m in Sources */ = {isa = PBXBuildFile; fileRef = E29EE55C1BF49ADC008E2304 /* AppDelegate.m */; };
		E29EE5601BF49ADC008E2304 /* ViewController.m in Sources */ = {isa = PBXBuildFile; fileRef = E29EE55F1BF49ADC008E2304 /* ViewController.m */; };
		E29EE5631BF49ADC008E2304 /* Main.storyboard in Resources */ = {isa = PBXBuildFile; fileRef = E29EE5611BF49ADC008E2304 /* Main.storyboard */; };
		E29EE5651BF49ADC008E2304 /* Assets.xcassets in Resources */ = {isa = PBXBuildFile; fileRef = E29EE5641BF49ADC008E2304 /* Assets.xcassets */; };
		E29EE5681BF49ADC008E2304 /* LaunchScreen.storyboard in Resources */ = {isa = PBXBuildFile; fileRef = E29EE5661BF49ADC008E2304 /* LaunchScreen.storyboard */; };
		E29EE5711BF49B16008E2304 /* SmoothLineView.m in Sources */ = {isa = PBXBuildFile; fileRef = E29EE5701BF49B16008E2304 /* SmoothLineView.m */; };
/* End PBXBuildFile section */

/* Begin PBXFileReference section */
		E29EE5551BF49ADC008E2304 /* SmoothLineDemo.app */ = {isa = PBXFileReference; explicitFileType = wrapper.application; includeInIndex = 0; path = SmoothLineDemo.app; sourceTree = BUILT_PRODUCTS_DIR; };
		E29EE5591BF49ADC008E2304 /* main.m */ = {isa = PBXFileReference; lastKnownFileType = sourcecode.c.objc; path = main.m; sourceTree = "<group>"; };
		E29EE55B1BF49ADC008E2304 /* AppDelegate.h */ = {isa = PBXFileReference; lastKnownFileType = sourcecode.c.h; path = AppDelegate.h; sourceTree = "<group>"; };
		E29EE55C1BF49ADC008E2304 /* AppDelegate.m */ = {isa = PBXFileReference; lastKnownFileType = sourcecode.c.objc; path = AppDelegate.m; sourceTree = "<group>"; };
		E29EE55E1BF49ADC008E2304 /* ViewController.h */ = {isa = PBXFileReference; lastKnownFileType = sourcecode.c.h; path = ViewController.h; sourceTree = "<group>"; };
		E29EE55F1BF49ADC008E2304 /* ViewController.m */ = {isa = PBXFileReference; lastKnownFileType = sourcecode.c.objc; path = ViewController.m; sourceTree = "<group>"; };
		E29EE5621BF49ADC008E2304 /* Base */ = {isa = PBXFileReference; lastKnownFileType = file.storyboard; name = Base; path = Base.lproj/Main.storyboard; sourceTree = "<group>"; };
		E29EE5641BF49ADC008E2304 /* Assets.xcassets */ = {isa = PBXFileReference; lastKnownFileType = folder.assetcatalog; path = Assets.xcassets; sourceTree = "<group>"; };
		E29EE5671BF49ADC008E2304 /* Base */ = {isa = PBXFileReference; lastKnownFileType = file.storyboard; name = Base; path = Base.lproj/LaunchScreen.storyboard; sourceTree = "<group>"; };
		E29EE5691BF49ADC008E2304 /* Info.plist */ = {isa = PBXFileReference; lastKnownFileType = text.plist.xml; path = Info.plist; sourceTree = "<group>"; };
		E29EE56F1BF49B0C008E2304 /* SmoothLineView.h */ = {isa = PBXFileReference; lastKnownFileType = sourcecode.c.h; path = SmoothLineView.h; sourceTree = "<group>"; };
		E29EE5701BF49B16008E2304 /* SmoothLineView.m */ = {isa = PBXFileReference; fileEncoding = 4; lastKnownFileType = sourcecode.c.objc; path = SmoothLineView.m; sourceTree = "<group>"; };
/* End PBXFileReference section */

/* Begin PBXFrameworksBuildPhase section */
		E29EE5521BF49ADC008E2304 /* Frameworks */ = {
			isa = PBXFrameworksBuildPhase;
			buildActionMask = 2147483647;
			files = (
			);
			runOnlyForDeploymentPostprocessing = 0;
		};
/* End PBXFrameworksBuildPhase section */

/* Begin PBXGroup section */
		E29EE54C1BF49ADB008E2304 = {
			isa = PBXGroup;
			children = (
				E29EE5571BF49ADC008E2304 /* SmoothLineDemo */,
				E29EE5561BF49ADC008E2304 /* Products */,
			);
			sourceTree = "<group>";
		};
		E29EE5561BF49ADC008E2304 /* Products */ = {
			isa = PBXGroup;
			children = (
				E29EE5551BF49ADC008E2304 /* SmoothLineDemo.app */,
			);
			name = Products;
			sourceTree = "<group>";
		};
		E29EE5571BF49ADC008E2304 /* SmoothLineDemo */ = {
			isa = PBXGroup;
			children = (
				E29EE55B1BF49ADC008E2304 /* AppDelegate.h */,
				E29EE55C1BF49ADC008E2304 /* AppDelegate.m */,
				E29EE55E1BF49ADC008E2304 /* ViewController.h */,
				E29EE56F1BF49B0C008E2304 /* SmoothLineView.h */,
				E29EE5701BF49B16008E2304 /* SmoothLineView.m */,
				E29EE55F1BF49ADC008E2304 /* ViewController.m */,
				E29EE5611BF49ADC008E2304 /* Main.storyboard */,
				E29EE5641BF49ADC008E2304 /* Assets.xcassets */,
				E29EE5661BF49ADC008E2304 /* LaunchScreen.storyboard */,
				E29EE5691BF49ADC008E2304 /* Info.plist */,
				E29EE5581BF49ADC008E2304 /* Supporting Files */,
			);
			path = SmoothLineDemo;
			sourceTree = "<group>";
		};
		E29EE5581BF49ADC008E2304 /* Supporting Files */ = {
			isa = PBXGroup;
			children = (
				E29EE5591BF49ADC008E2304 /* main.m */,
			);
			name = "Supporting Files";
			sourceTree = "<group>";
		};
/* End PBXGroup section */

/* Begin PBXNativeTarget section */
		E29EE5541BF49ADC008E2304 /* SmoothLineDemo */ = {
			isa = PBXNativeTarget;
			buildConfigurationList = E29EE56C1BF49ADC008E2304 /* Build configuration list for PBXNativeTarget "SmoothLineDemo" */;
			buildPhases = (
				E29EE5511BF49ADC008E2304 /* Sources */,
				E29EE5521BF49ADC008E2304 /* Frameworks */,
				E29EE5531BF49ADC008E2304 /* Resources */,
			);
			buildRules = (
			);
			dependencies = (
			);
			name = SmoothLineDemo;
			productName = SmoothLineDemo;
			productReference = E29EE5551BF49ADC008E2304 /* SmoothLineDemo.app */;
			productType = "com.apple.product-type.application";
		};
/* End PBXNativeTarget section */

/* Begin PBXProject section */
		E29EE54D1BF49ADB008E2304 /* Project object */ = {
			isa = PBXProject;
			attributes = {
				LastUpgradeCheck = 0710;
				ORGANIZATIONNAME = ivs;
				TargetAttributes = {
					E29EE5541BF49ADC008E2304 = {
						CreatedOnToolsVersion = 7.1;
					};
				};
			};
			buildConfigurationList = E29EE5501BF49ADB008E2304 /* Build configuration list for PBXProject "SmoothLineDemo" */;
			compatibilityVersion = "Xcode 3.2";
			developmentRegion = English;
			hasScannedForEncodings = 0;
			knownRegions = (
				en,
				Base,
			);
			mainGroup = E29EE54C1BF49ADB008E2304;
			productRefGroup = E29EE5561BF49ADC008E2304 /* Products */;
			projectDirPath = "";
			projectRoot = "";
			targets = (
				E29EE5541BF49ADC008E2304 /* SmoothLineDemo */,
			);
		};
/* End PBXProject section */

/* Begin PBXResourcesBuildPhase section */
		E29EE5531BF49ADC008E2304 /* Resources */ = {
			isa = PBXResourcesBuildPhase;
			buildActionMask = 2147483647;
			files = (
				E29EE5681BF49ADC008E2304 /* LaunchScreen.storyboard in Resources */,
				E29EE5651BF49ADC008E2304 /* Assets.xcassets in Resources */,
				E29EE5631BF49ADC008E2304 /* Main.storyboard in Resources */,
			);
			runOnlyForDeploymentPostprocessing = 0;
		};
/* End PBXResourcesBuildPhase section */

/* Begin PBXSourcesBuildPhase section */
		E29EE5511BF49ADC008E2304 /* Sources */ = {
			isa = PBXSourcesBuildPhase;
			buildActionMask = 2147483647;
			files = (
				E29EE5711BF49B16008E2304 /* SmoothLineView.m in Sources */,
				E29EE5601BF49ADC008E2304 /* ViewController.m in Sources */,
				E29EE55D1BF49ADC008E2304 /* AppDelegate.m in Sources */,
				E29EE55A1BF49ADC008E2304 /* main.m in Sources */,
			);
			runOnlyForDeploymentPostprocessing = 0;
		};
/* End PBXSourcesBuildPhase section */

/* Begin PBXVariantGroup section */
		E29EE5611BF49ADC008E2304 /* Main.storyboard */ = {
			isa = PBXVariantGroup;
			children = (
				E29EE5621BF49ADC008E2304 /* Base */,
			);
			name = Main.storyboard;
			sourceTree = "<group>";
		};
		E29EE5661BF49ADC008E2304 /* LaunchScreen.storyboard */ = {
			isa = PBXVariantGroup;
			children = (
				E29EE5671BF49ADC008E2304 /* Base */,
			);
			name = LaunchScreen.storyboard;
			sourceTree = "<group>";
		};
/* End PBXVariantGroup section */

/* Begin XCBuildConfiguration section */
		E29EE56A1BF49ADC008E2304 /* Debug */ = {
			isa = XCBuildConfiguration;
			buildSettings = {
				ALWAYS_SEARCH_USER_PATHS = NO;
				CLANG_CXX_LANGUAGE_STANDARD = "gnu++0x";
				CLANG_CXX_LIBRARY = "libc++";
				CLANG_ENABLE_MODULES = YES;
				CLANG_ENABLE_OBJC_ARC = YES;
				CLANG_WARN_BOOL_CONVERSION = YES;
				CLANG_WARN_CONSTANT_CONVERSION = YES;
				CLANG_WARN_DIRECT_OBJC_ISA_USAGE = YES_ERROR;
				CLANG_WARN_EMPTY_BODY = YES;
				CLANG_WARN_ENUM_CONVERSION = YES;
				CLANG_WARN_INT_CONVERSION = YES;
				CLANG_WARN_OBJC_ROOT_CLASS = YES_ERROR;
				CLANG_WARN_UNREACHABLE_CODE = YES;
				CLANG_WARN__DUPLICATE_METHOD_MATCH = YES;
				"CODE_SIGN_IDENTITY[sdk=iphoneos*]" = "iPhone Developer";
				COPY_PHASE_STRIP = NO;
				DEBUG_INFORMATION_FORMAT = dwarf;
				ENABLE_STRICT_OBJC_MSGSEND = YES;
				ENABLE_TESTABILITY = YES;
				GCC_C_LANGUAGE_STANDARD = gnu99;
				GCC_DYNAMIC_NO_PIC = NO;
				GCC_NO_COMMON_BLOCKS = YES;
				GCC_OPTIMIZATION_LEVEL = 0;
				GCC_PREPROCESSOR_DEFINITIONS = (
					"DEBUG=1",
					"$(inherited)",
				);
				GCC_WARN_64_TO_32_BIT_CONVERSION = YES;
				GCC_WARN_ABOUT_RETURN_TYPE = YES_ERROR;
				GCC_WARN_UNDECLARED_SELECTOR = YES;
				GCC_WARN_UNINITIALIZED_AUTOS = YES_AGGRESSIVE;
				GCC_WARN_UNUSED_FUNCTION = YES;
				GCC_WARN_UNUSED_VARIABLE = YES;
				IPHONEOS_DEPLOYMENT_TARGET = 9.1;
				MTL_ENABLE_DEBUG_INFO = YES;
				ONLY_ACTIVE_ARCH = YES;
				SDKROOT = iphoneos;
			};
			name = Debug;
		};
		E29EE56B1BF49ADC008E2304 /* Release */ = {
			isa = XCBuildConfiguration;
			buildSettings = {
				ALWAYS_SEARCH_USER_PATHS = NO;
				CLANG_CXX_LANGUAGE_STANDARD = "gnu++0x";
				CLANG_CXX_LIBRARY = "libc++";
				CLANG_ENABLE_MODULES = YES;
				CLANG_ENABLE_OBJC_ARC = YES;
				CLANG_WARN_BOOL_CONVERSION = YES;
				CLANG_WARN_CONSTANT_CONVERSION = YES;
				CLANG_WARN_DIRECT_OBJC_ISA_USAGE = YES_ERROR;
				CLANG_WARN_EMPTY_BODY = YES;
				CLANG_WARN_ENUM_CONVERSION = YES;
				CLANG_WARN_INT_CONVERSION = YES;
				CLANG_WARN_OBJC_ROOT_CLASS = YES_ERROR;
				CLANG_WARN_UNREACHABLE_CODE = YES;
				CLANG_WARN__DUPLICATE_METHOD_MATCH = YES;
				"CODE_SIGN_IDENTITY[sdk=iphoneos*]" = "iPhone Developer";
				COPY_PHASE_STRIP = NO;
				DEBUG_INFORMATION_FORMAT = "dwarf-with-dsym";
				ENABLE_NS_ASSERTIONS = NO;
				ENABLE_STRICT_OBJC_MSGSEND = YES;
				GCC_C_LANGUAGE_STANDARD = gnu99;
				GCC_NO_COMMON_BLOCKS = YES;
				GCC_WARN_64_TO_32_BIT_CONVERSION = YES;
				GCC_WARN_ABOUT_RETURN_TYPE = YES_ERROR;
				GCC_WARN_UNDECLARED_SELECTOR = YES;
				GCC_WARN_UNINITIALIZED_AUTOS = YES_AGGRESSIVE;
				GCC_WARN_UNUSED_FUNCTION = YES;
				GCC_WARN_UNUSED_VARIABLE = YES;
				IPHONEOS_DEPLOYMENT_TARGET = 9.1;
				MTL_ENABLE_DEBUG_INFO = NO;
				SDKROOT = iphoneos;
				VALIDATE_PRODUCT = YES;
			};
			name = Release;
		};
		E29EE56D1BF49ADC008E2304 /* Debug */ = {
			isa = XCBuildConfiguration;
			buildSettings = {
				ASSETCATALOG_COMPILER_APPICON_NAME = AppIcon;
				INFOPLIST_FILE = SmoothLineDemo/Info.plist;
				LD_RUNPATH_SEARCH_PATHS = "$(inherited) @executable_path/Frameworks";
				PRODUCT_BUNDLE_IDENTIFIER = ivs.SmoothLineDemo;
				PRODUCT_NAME = "$(TARGET_NAME)";
			};
			name = Debug;
		};
		E29EE56E1BF49ADC008E2304 /* Release */ = {
			isa = XCBuildConfiguration;
			buildSettings = {
				ASSETCATALOG_COMPILER_APPICON_NAME = AppIcon;
				INFOPLIST_FILE = SmoothLineDemo/Info.plist;
				LD_RUNPATH_SEARCH_PATHS = "$(inherited) @executable_path/Frameworks";
				PRODUCT_BUNDLE_IDENTIFIER = ivs.SmoothLineDemo;
				PRODUCT_NAME = "$(TARGET_NAME)";
			};
			name = Release;
		};
/* End XCBuildConfiguration section */

/* Begin XCConfigurationList section */
		E29EE5501BF49ADB008E2304 /* Build configuration list for PBXProject "SmoothLineDemo" */ = {
			isa = XCConfigurationList;
			buildConfigurations = (
				E29EE56A1BF49ADC008E2304 /* Debug */,
				E29EE56B1BF49ADC008E2304 /* Release */,
			);
			defaultConfigurationIsVisible = 0;
			defaultConfigurationName = Release;
		};
		E29EE56C1BF49ADC008E2304 /* Build configuration list for PBXNativeTarget "SmoothLineDemo" */ = {
			isa = XCConfigurationList;
			buildConfigurations = (
				E29EE56D1BF49ADC008E2304 /* Debug */,
				E29EE56E1BF49ADC008E2304 /* Release */,
			);
			defaultConfigurationIsVisible = 0;
		};
/* End XCConfigurationList section */
	};
	rootObject = E29EE54D1BF49ADB008E2304 /* Project object */;
}
